# This file is autogenerated, do not edit; changes may be undone by the next 'dep ensure'.


[[projects]]
  name = "github.com/Sirupsen/logrus"
  packages = ["."]
  revision = "c155da19408a8799da419ed3eeb0cb5db0ad5dbc"
  version = "v1.0.5"

[[projects]]
  branch = "master"
  name = "github.com/strabox/caravela"
  packages = [
    "api/rest",
    "node/api",
    "util"
  ]
  revision = "801d002ac4d12a4bf45dfd08184370e176344784"

[[projects]]
  branch = "master"
  name = "golang.org/x/crypto"
  packages = ["ssh/terminal"]
  revision = "a49355c7e3f8fe157a85be2f77e6e269a0f89602"

[[projects]]
  branch = "master"
  name = "golang.org/x/sys"
  packages = [
    "unix",
    "windows"
  ]
  revision = "ce36f3865eeb42541ce3f87f32f8462c5687befa"

[solve-meta]
  analyzer-name = "dep"
  analyzer-version = 1
  inputs-digest = "ea87d1f8bf41828e58855a85706fbc4382c0187c825cec994485ee4b1bdfea5f"
  solver-name = "gps-cdcl"
  solver-version = 1
