# This file is autogenerated, do not edit; changes may be undone by the next 'dep ensure'.


[[projects]]
  name = "github.com/BurntSushi/toml"
  packages = ["."]
  revision = "b26d9c308763d68093482582cea63d69be07a0f0"
  version = "v0.3.0"

[[projects]]
  branch = "master"
  name = "github.com/Pallinder/go-randomdata"
  packages = ["."]
  revision = "15df0648130a623e418886f81b2aaecd0a00547b"

[[projects]]
  name = "github.com/Sirupsen/logrus"
  packages = ["."]
  revision = "3e01752db0189b9157070a0e1668a620f9a85da2"
  version = "v1.0.6"

[[projects]]
  branch = "master"
  name = "github.com/ajstarks/svgo"
  packages = ["."]
  revision = "644b8db467afccf19a0692a3e31a1868e4287ab8"

[[projects]]
  branch = "master"
  name = "github.com/golang/freetype"
  packages = [
    ".",
    "raster",
    "truetype"
  ]
  revision = "e2365dfdc4a05e4b8299a783240d4a7d5a65d4e4"

[[projects]]
  name = "github.com/gorilla/context"
  packages = ["."]
  revision = "08b5f424b9271eedf6f9f0ce86cb9396ed337a42"
  version = "v1.1.1"

[[projects]]
  name = "github.com/gorilla/mux"
  packages = ["."]
  revision = "e3702bed27f0d39777b0b37b664b6280e8ef8fbf"
  version = "v1.6.2"

[[projects]]
  branch = "master"
  name = "github.com/ivpusic/grpool"
  packages = ["."]
  revision = "28957a27c9441f178d644aa598bac0aad4dd7bba"

[[projects]]
  name = "github.com/jung-kurt/gofpdf"
  packages = ["."]
  revision = "14c1db30737a138f8d9797cffea58783892b2fae"
  version = "v1.0.0"

[[projects]]
  branch = "master"
  name = "github.com/llgcode/draw2d"
  packages = [
    ".",
    "draw2dbase",
    "draw2dimg"
  ]
  revision = "f52c8a71aff06ab8df41843d33ab167b36c971cd"

[[projects]]
  name = "github.com/pkg/errors"
  packages = ["."]
  revision = "645ef00459ed84a119197bfb8d8205042c6df63d"
  version = "v0.8.0"

[[projects]]
  branch = "master"
  name = "github.com/strabox/caravela"
  packages = [
    "api",
    "api/rest/configuration",
    "api/rest/containers",
    "api/rest/discovery",
    "api/rest/scheduling",
    "api/rest/user",
    "api/rest/util",
    "api/types",
    "configuration",
    "docker/container",
    "docker/events",
    "node",
    "node/common",
    "node/common/guid",
    "node/common/resources",
    "node/containers",
    "node/discovery",
    "node/discovery/backend",
    "node/discovery/common",
    "node/discovery/offering",
    "node/discovery/offering/partitions",
    "node/discovery/offering/supplier",
    "node/discovery/offering/trader",
    "node/discovery/random",
    "node/external",
    "node/scheduler",
    "node/user",
    "overlay/types",
    "util"
  ]
  revision = "cfe6b7f64eaeaec392a74e91e311d8a0cf562a7f"

[[projects]]
  name = "github.com/urfave/cli"
  packages = ["."]
  revision = "cfb38830724cc34fedffe9a2a29fb54fa9169cd1"
  version = "v1.20.0"

[[projects]]
  branch = "master"
  name = "golang.org/x/crypto"
  packages = ["ssh/terminal"]
  revision = "614d502a4dac94afa3a6ce146bd1736da82514c6"

[[projects]]
  branch = "master"
  name = "golang.org/x/exp"
  packages = ["rand"]
  revision = "3d87b88a115fa4e65fadcbf34e6a60e8040cec41"

[[projects]]
  branch = "master"
  name = "golang.org/x/image"
  packages = [
    "draw",
    "font",
    "math/f64",
    "math/fixed",
    "tiff",
    "tiff/lzw"
  ]
  revision = "c73c2afc3b812cdd6385de5a50616511c4a3d458"

[[projects]]
  branch = "master"
  name = "golang.org/x/sys"
  packages = [
    "unix",
    "windows"
  ]
  revision = "4910a1d54f876d7b22162a85f4d066d3ee649450"

[[projects]]
  branch = "master"
  name = "gonum.org/v1/gonum"
  packages = [
    "blas",
    "blas/blas64",
    "blas/gonum",
    "floats",
    "internal/asm/c128",
    "internal/asm/f32",
    "internal/asm/f64",
    "internal/math32",
    "lapack",
    "lapack/gonum",
    "lapack/lapack64",
    "mat"
  ]
  revision = "95e9db9a70fd50632d7723641395d92a1f134d06"

[[projects]]
  branch = "master"
  name = "gonum.org/v1/plot"
  packages = [
    ".",
    "palette",
    "plotter",
    "plotutil",
    "tools/bezier",
    "vg",
    "vg/draw",
    "vg/fonts",
    "vg/vgeps",
    "vg/vgimg",
    "vg/vgpdf",
    "vg/vgsvg"
  ]
  revision = "f52aaf5deade9478d2b8f14ed4cf0e2c16e6dc6d"

[solve-meta]
  analyzer-name = "dep"
  analyzer-version = 1
  inputs-digest = "0214e2fe285874158a40f9476245466cae9a95994539c76bd273ed0ed8ff7ac2"
  solver-name = "gps-cdcl"
  solver-version = 1
